PODS:
  - IGListDiffKit (5.2.0)
  - IGListKit (5.2.0):
    - IGListDiffKit (= 5.2.0)

DEPENDENCIES:
  - IGListKit (~> 5.0)

SPEC REPOS:
  trunk:
    - IGListDiffKit
    - IGListKit

SPEC CHECKSUMS:
  IGListDiffKit: 33d814e2f318fe75080c527a71bafcc31b6b3abc
  IGListKit: e43679ba92defb48928d3b27765ac87648f06f25

PODFILE CHECKSUM: e16271203ec5cf805e7d06774f6be5f830e4c8d3

COCOAPODS: 1.16.2
