{
  "originHash" : "82bbb121a8b77fefd8f1f09544fa35a8b2a407ece4c613cecd458752ff0d593d",
  "pins" : [
    {
      "identity" : "iglistkit",
      "kind" : "remoteSourceControl",
      "location" : "https://github.com/instagram/IGListKit",
      "state" : {
        "revision" : "894c34db0593a0049520ccf9444803db78c64c28",
        "version" : "5.2.0"
      }
    }
  ],
  "version" : 3
}
