// !$*UTF8*$!
{
	archiveVersion = 1;
	classes = {
	};
	objectVersion = 77;
	objects = {

/* Begin PBXBuildFile section */
		1ACDE7922F8EED7A00AB14C5 /* Pods_rn_chat_view.framework in Frameworks */ = {isa = PBXBuildFile; fileRef = 72A56B67B812885A70797AB0 /* Pods_rn_chat_view.framework */; };
		1ACDE7932F8EED7A00AB14C5 /* Pods_rn_chat_view.framework in Embed Frameworks */ = {isa = PBXBuildFile; fileRef = 72A56B67B812885A70797AB0 /* Pods_rn_chat_view.framework */; settings = {ATTRIBUTES = (CodeSignOnCopy, RemoveHeadersOnCopy, ); }; };
		4429E3D3B619B57DC6A10672 /* Pods_rn_chat_view_tests.framework in Frameworks */ = {isa = PBXBuildFile; fileRef = 130649E774FD0D1EBF5BFB25 /* Pods_rn_chat_view_tests.framework */; };
/* End PBXBuildFile section */

/* Begin PBXContainerItemProxy section */
		1ACDE68D2F8EACFC00AB14C5 /* PBXContainerItemProxy */ = {
			isa = PBXContainerItemProxy;
			containerPortal = 1A94772C2F7F041B001D82F5 /* Project object */;
			proxyType = 1;
			remoteGlobalIDString = 1A9477332F7F041B001D82F5;
			remoteInfo = "rn-chat-view";
		};
/* End PBXContainerItemProxy section */

/* Begin PBXCopyFilesBuildPhase section */
		1ACDE7942F8EED7A00AB14C5 /* Embed Frameworks */ = {
			isa = PBXCopyFilesBuildPhase;
			buildActionMask = 2147483647;
			dstPath = "";
			dstSubfolderSpec = 10;
			files = (
				1ACDE7932F8EED7A00AB14C5 /* Pods_rn_chat_view.framework in Embed Frameworks */,
			);
			name = "Embed Frameworks";
			runOnlyForDeploymentPostprocessing = 0;
		};
/* End PBXCopyFilesBuildPhase section */

/* Begin PBXFileReference section */
		130649E774FD0D1EBF5BFB25 /* Pods_rn_chat_view_tests.framework */ = {isa = PBXFileReference; explicitFileType = wrapper.framework; includeInIndex = 0; path = Pods_rn_chat_view_tests.framework; sourceTree = BUILT_PRODUCTS_DIR; };
		1A9477342F7F041B001D82F5 /* rn-chat-view.app */ = {isa = PBXFileReference; explicitFileType = wrapper.application; includeInIndex = 0; path = "rn-chat-view.app"; sourceTree = BUILT_PRODUCTS_DIR; };
		1ACDE6892F8EACFC00AB14C5 /* rn-chat-view-tests.xctest */ = {isa = PBXFileReference; explicitFileType = wrapper.cfbundle; includeInIndex = 0; path = "rn-chat-view-tests.xctest"; sourceTree = BUILT_PRODUCTS_DIR; };
		72A56B67B812885A70797AB0 /* Pods_rn_chat_view.framework */ = {isa = PBXFileReference; explicitFileType = wrapper.framework; includeInIndex = 0; path = Pods_rn_chat_view.framework; sourceTree = BUILT_PRODUCTS_DIR; };
		9BD3EE2273C858282D69C49B /* Pods-rn-chat-view-tests.debug.xcconfig */ = {isa = PBXFileReference; includeInIndex = 1; lastKnownFileType = text.xcconfig; name = "Pods-rn-chat-view-tests.debug.xcconfig"; path = "Target Support Files/Pods-rn-chat-view-tests/Pods-rn-chat-view-tests.debug.xcconfig"; sourceTree = "<group>"; };
		D3584ECF55590B7C027A9842 /* Pods-rn-chat-view.debug.xcconfig */ = {isa = PBXFileReference; includeInIndex = 1; lastKnownFileType = text.xcconfig; name = "Pods-rn-chat-view.debug.xcconfig"; path = "Target Support Files/Pods-rn-chat-view/Pods-rn-chat-view.debug.xcconfig"; sourceTree = "<group>"; };
		DECBEC6C39920C6BEA089AC4 /* Pods-rn-chat-view.release.xcconfig */ = {isa = PBXFileReference; includeInIndex = 1; lastKnownFileType = text.xcconfig; name = "Pods-rn-chat-view.release.xcconfig"; path = "Target Support Files/Pods-rn-chat-view/Pods-rn-chat-view.release.xcconfig"; sourceTree = "<group>"; };
		EC5462498878B4117C9DC377 /* Pods-rn-chat-view-tests.release.xcconfig */ = {isa = PBXFileReference; includeInIndex = 1; lastKnownFileType = text.xcconfig; name = "Pods-rn-chat-view-tests.release.xcconfig"; path = "Target Support Files/Pods-rn-chat-view-tests/Pods-rn-chat-view-tests.release.xcconfig"; sourceTree = "<group>"; };
/* End PBXFileReference section */

/* Begin PBXFileSystemSynchronizedRootGroup section */
		1A9477362F7F041B001D82F5 /* rn-chat-view */ = {
			isa = PBXFileSystemSynchronizedRootGroup;
			path = "rn-chat-view";
			sourceTree = "<group>";
		};
		1ACDE68A2F8EACFC00AB14C5 /* rn-chat-view-tests */ = {
			isa = PBXFileSystemSynchronizedRootGroup;
			path = "rn-chat-view-tests";
			sourceTree = "<group>";
		};
/* End PBXFileSystemSynchronizedRootGroup section */

/* Begin PBXFrameworksBuildPhase section */
		1A9477312F7F041B001D82F5 /* Frameworks */ = {
			isa = PBXFrameworksBuildPhase;
			buildActionMask = 2147483647;
			files = (
				1ACDE7922F8EED7A00AB14C5 /* Pods_rn_chat_view.framework in Frameworks */,
			);
			runOnlyForDeploymentPostprocessing = 0;
		};
		1ACDE6862F8EACFC00AB14C5 /* Frameworks */ = {
			isa = PBXFrameworksBuildPhase;
			buildActionMask = 2147483647;
			files = (
				4429E3D3B619B57DC6A10672 /* Pods_rn_chat_view_tests.framework in Frameworks */,
			);
			runOnlyForDeploymentPostprocessing = 0;
		};
/* End PBXFrameworksBuildPhase section */

/* Begin PBXGroup section */
		1A94772B2F7F041B001D82F5 = {
			isa = PBXGroup;
			children = (
				1A9477362F7F041B001D82F5 /* rn-chat-view */,
				1ACDE68A2F8EACFC00AB14C5 /* rn-chat-view-tests */,
				1A9477352F7F041B001D82F5 /* Products */,
				1BFB2DF7D90AFAEC689DBE53 /* Pods */,
				F152A6BE314B6DF33D4CE5A5 /* Frameworks */,
			);
			sourceTree = "<group>";
		};
		1A9477352F7F041B001D82F5 /* Products */ = {
			isa = PBXGroup;
			children = (
				1A9477342F7F041B001D82F5 /* rn-chat-view.app */,
				1ACDE6892F8EACFC00AB14C5 /* rn-chat-view-tests.xctest */,
			);
			name = Products;
			sourceTree = "<group>";
		};
		1BFB2DF7D90AFAEC689DBE53 /* Pods */ = {
			isa = PBXGroup;
			children = (
				D3584ECF55590B7C027A9842 /* Pods-rn-chat-view.debug.xcconfig */,
				DECBEC6C39920C6BEA089AC4 /* Pods-rn-chat-view.release.xcconfig */,
				9BD3EE2273C858282D69C49B /* Pods-rn-chat-view-tests.debug.xcconfig */,
				EC5462498878B4117C9DC377 /* Pods-rn-chat-view-tests.release.xcconfig */,
			);
			path = Pods;
			sourceTree = "<group>";
		};
		F152A6BE314B6DF33D4CE5A5 /* Frameworks */ = {
			isa = PBXGroup;
			children = (
				72A56B67B812885A70797AB0 /* Pods_rn_chat_view.framework */,
				130649E774FD0D1EBF5BFB25 /* Pods_rn_chat_view_tests.framework */,
			);
			name = Frameworks;
			sourceTree = "<group>";
		};
/* End PBXGroup section */

/* Begin PBXNativeTarget section */
		1A9477332F7F041B001D82F5 /* rn-chat-view */ = {
			isa = PBXNativeTarget;
			buildConfigurationList = 1A94773F2F7F041D001D82F5 /* Build configuration list for PBXNativeTarget "rn-chat-view" */;
			buildPhases = (
				11317227047E989CEC5ACFAF /* [CP] Check Pods Manifest.lock */,
				1A9477302F7F041B001D82F5 /* Sources */,
				1A9477312F7F041B001D82F5 /* Frameworks */,
				1A9477322F7F041B001D82F5 /* Resources */,
				D46E2CCD46863AC4043A7F86 /* [CP] Embed Pods Frameworks */,
				1ACDE7942F8EED7A00AB14C5 /* Embed Frameworks */,
			);
			buildRules = (
			);
			dependencies = (
			);
			fileSystemSynchronizedGroups = (
				1A9477362F7F041B001D82F5 /* rn-chat-view */,
			);
			name = "rn-chat-view";
			productName = "rn-chat-view";
			productReference = 1A9477342F7F041B001D82F5 /* rn-chat-view.app */;
			productType = "com.apple.product-type.application";
		};
		1ACDE6882F8EACFC00AB14C5 /* rn-chat-view-tests */ = {
			isa = PBXNativeTarget;
			buildConfigurationList = 1ACDE68F2F8EACFC00AB14C5 /* Build configuration list for PBXNativeTarget "rn-chat-view-tests" */;
			buildPhases = (
				6811EEE617E8ADE5196EDB6C /* [CP] Check Pods Manifest.lock */,
				1ACDE6852F8EACFC00AB14C5 /* Sources */,
				1ACDE6862F8EACFC00AB14C5 /* Frameworks */,
				1ACDE6872F8EACFC00AB14C5 /* Resources */,
			);
			buildRules = (
			);
			dependencies = (
				1ACDE68E2F8EACFC00AB14C5 /* PBXTargetDependency */,
			);
			fileSystemSynchronizedGroups = (
				1ACDE68A2F8EACFC00AB14C5 /* rn-chat-view-tests */,
			);
			name = "rn-chat-view-tests";
			productName = "rn-chat-view-tests";
			productReference = 1ACDE6892F8EACFC00AB14C5 /* rn-chat-view-tests.xctest */;
			productType = "com.apple.product-type.bundle.unit-test";
		};
/* End PBXNativeTarget section */

/* Begin PBXProject section */
		1A94772C2F7F041B001D82F5 /* Project object */ = {
			isa = PBXProject;
			attributes = {
				BuildIndependentTargetsInParallel = 1;
				LastSwiftUpdateCheck = 2620;
				LastUpgradeCheck = 2620;
				TargetAttributes = {
					1A9477332F7F041B001D82F5 = {
						CreatedOnToolsVersion = 26.2;
					};
					1ACDE6882F8EACFC00AB14C5 = {
						CreatedOnToolsVersion = 26.2;
						TestTargetID = 1A9477332F7F041B001D82F5;
					};
				};
			};
			buildConfigurationList = 1A94772F2F7F041B001D82F5 /* Build configuration list for PBXProject "rn-chat-view" */;
			developmentRegion = en;
			hasScannedForEncodings = 0;
			knownRegions = (
				en,
				Base,
			);
			mainGroup = 1A94772B2F7F041B001D82F5;
			minimizedProjectReferenceProxies = 1;
			preferredProjectObjectVersion = 77;
			productRefGroup = 1A9477352F7F041B001D82F5 /* Products */;
			projectDirPath = "";
			projectRoot = "";
			targets = (
				1A9477332F7F041B001D82F5 /* rn-chat-view */,
				1ACDE6882F8EACFC00AB14C5 /* rn-chat-view-tests */,
			);
		};
/* End PBXProject section */

/* Begin PBXResourcesBuildPhase section */
		1A9477322F7F041B001D82F5 /* Resources */ = {
			isa = PBXResourcesBuildPhase;
			buildActionMask = 2147483647;
			files = (
			);
			runOnlyForDeploymentPostprocessing = 0;
		};
		1ACDE6872F8EACFC00AB14C5 /* Resources */ = {
			isa = PBXResourcesBuildPhase;
			buildActionMask = 2147483647;
			files = (
			);
			runOnlyForDeploymentPostprocessing = 0;
		};
/* End PBXResourcesBuildPhase section */

/* Begin PBXShellScriptBuildPhase section */
		11317227047E989CEC5ACFAF /* [CP] Check Pods Manifest.lock */ = {
			isa = PBXShellScriptBuildPhase;
			buildActionMask = 2147483647;
			files = (
			);
			inputFileListPaths = (
			);
			inputPaths = (
				"${PODS_PODFILE_DIR_PATH}/Podfile.lock",
				"${PODS_ROOT}/Manifest.lock",
			);
			name = "[CP] Check Pods Manifest.lock";
			outputFileListPaths = (
			);
			outputPaths = (
				"$(DERIVED_FILE_DIR)/Pods-rn-chat-view-checkManifestLockResult.txt",
			);
			runOnlyForDeploymentPostprocessing = 0;
			shellPath = /bin/sh;
			shellScript = "diff \"${PODS_PODFILE_DIR_PATH}/Podfile.lock\" \"${PODS_ROOT}/Manifest.lock\" > /dev/null\nif [ $? != 0 ] ; then\n    # print error to STDERR\n    echo \"error: The sandbox is not in sync with the Podfile.lock. Run 'pod install' or update your CocoaPods installation.\" >&2\n    exit 1\nfi\n# This output is used by Xcode 'outputs' to avoid re-running this script phase.\necho \"SUCCESS\" > \"${SCRIPT_OUTPUT_FILE_0}\"\n";
			showEnvVarsInLog = 0;
		};
		6811EEE617E8ADE5196EDB6C /* [CP] Check Pods Manifest.lock */ = {
			isa = PBXShellScriptBuildPhase;
			buildActionMask = 2147483647;
			files = (
			);
			inputFileListPaths = (
			);
			inputPaths = (
				"${PODS_PODFILE_DIR_PATH}/Podfile.lock",
				"${PODS_ROOT}/Manifest.lock",
			);
			name = "[CP] Check Pods Manifest.lock";
			outputFileListPaths = (
			);
			outputPaths = (
				"$(DERIVED_FILE_DIR)/Pods-rn-chat-view-tests-checkManifestLockResult.txt",
			);
			runOnlyForDeploymentPostprocessing = 0;
			shellPath = /bin/sh;
			shellScript = "diff \"${PODS_PODFILE_DIR_PATH}/Podfile.lock\" \"${PODS_ROOT}/Manifest.lock\" > /dev/null\nif [ $? != 0 ] ; then\n    # print error to STDERR\n    echo \"error: The sandbox is not in sync with the Podfile.lock. Run 'pod install' or update your CocoaPods installation.\" >&2\n    exit 1\nfi\n# This output is used by Xcode 'outputs' to avoid re-running this script phase.\necho \"SUCCESS\" > \"${SCRIPT_OUTPUT_FILE_0}\"\n";
			showEnvVarsInLog = 0;
		};
		D46E2CCD46863AC4043A7F86 /* [CP] Embed Pods Frameworks */ = {
			isa = PBXShellScriptBuildPhase;
			buildActionMask = 2147483647;
			files = (
			);
			inputFileListPaths = (
				"${PODS_ROOT}/Target Support Files/Pods-rn-chat-view/Pods-rn-chat-view-frameworks-${CONFIGURATION}-input-files.xcfilelist",
			);
			inputPaths = (
			);
			name = "[CP] Embed Pods Frameworks";
			outputFileListPaths = (
				"${PODS_ROOT}/Target Support Files/Pods-rn-chat-view/Pods-rn-chat-view-frameworks-${CONFIGURATION}-output-files.xcfilelist",
			);
			outputPaths = (
			);
			runOnlyForDeploymentPostprocessing = 0;
			shellPath = /bin/sh;
			shellScript = "\"${PODS_ROOT}/Target Support Files/Pods-rn-chat-view/Pods-rn-chat-view-frameworks.sh\"\n";
			showEnvVarsInLog = 0;
		};
/* End PBXShellScriptBuildPhase section */

/* Begin PBXSourcesBuildPhase section */
		1A9477302F7F041B001D82F5 /* Sources */ = {
			isa = PBXSourcesBuildPhase;
			buildActionMask = 2147483647;
			files = (
			);
			runOnlyForDeploymentPostprocessing = 0;
		};
		1ACDE6852F8EACFC00AB14C5 /* Sources */ = {
			isa = PBXSourcesBuildPhase;
			buildActionMask = 2147483647;
			files = (
			);
			runOnlyForDeploymentPostprocessing = 0;
		};
/* End PBXSourcesBuildPhase section */

/* Begin PBXTargetDependency section */
		1ACDE68E2F8EACFC00AB14C5 /* PBXTargetDependency */ = {
			isa = PBXTargetDependency;
			target = 1A9477332F7F041B001D82F5 /* rn-chat-view */;
			targetProxy = 1ACDE68D2F8EACFC00AB14C5 /* PBXContainerItemProxy */;
		};
/* End PBXTargetDependency section */

/* Begin XCBuildConfiguration section */
		1A94773D2F7F041D001D82F5 /* Debug */ = {
			isa = XCBuildConfiguration;
			buildSettings = {
				ALWAYS_SEARCH_USER_PATHS = NO;
				ASSETCATALOG_COMPILER_GENERATE_SWIFT_ASSET_SYMBOL_EXTENSIONS = YES;
				CLANG_ANALYZER_NONNULL = YES;
				CLANG_ANALYZER_NUMBER_OBJECT_CONVERSION = YES_AGGRESSIVE;
				CLANG_CXX_LANGUAGE_STANDARD = "gnu++20";
				CLANG_ENABLE_MODULES = YES;
				CLANG_ENABLE_OBJC_ARC = YES;
				CLANG_ENABLE_OBJC_WEAK = YES;
				CLANG_WARN_BLOCK_CAPTURE_AUTORELEASING = YES;
				CLANG_WARN_BOOL_CONVERSION = YES;
				CLANG_WARN_COMMA = YES;
				CLANG_WARN_CONSTANT_CONVERSION = YES;
				CLANG_WARN_DEPRECATED_OBJC_IMPLEMENTATIONS = YES;
				CLANG_WARN_DIRECT_OBJC_ISA_USAGE = YES_ERROR;
				CLANG_WARN_DOCUMENTATION_COMMENTS = YES;
				CLANG_WARN_EMPTY_BODY = YES;
				CLANG_WARN_ENUM_CONVERSION = YES;
				CLANG_WARN_INFINITE_RECURSION = YES;
				CLANG_WARN_INT_CONVERSION = YES;
				CLANG_WARN_NON_LITERAL_NULL_CONVERSION = YES;
				CLANG_WARN_OBJC_IMPLICIT_RETAIN_SELF = YES;
				CLANG_WARN_OBJC_LITERAL_CONVERSION = YES;
				CLANG_WARN_OBJC_ROOT_CLASS = YES_ERROR;
				CLANG_WARN_QUOTED_INCLUDE_IN_FRAMEWORK_HEADER = YES;
				CLANG_WARN_RANGE_LOOP_ANALYSIS = YES;
				CLANG_WARN_STRICT_PROTOTYPES = YES;
				CLANG_WARN_SUSPICIOUS_MOVE = YES;
				CLANG_WARN_UNGUARDED_AVAILABILITY = YES_AGGRESSIVE;
				CLANG_WARN_UNREACHABLE_CODE = YES;
				CLANG_WARN__DUPLICATE_METHOD_MATCH = YES;
				COPY_PHASE_STRIP = NO;
				DEBUG_INFORMATION_FORMAT = dwarf;
				DEVELOPMENT_TEAM = 7A89C8T284;
				ENABLE_STRICT_OBJC_MSGSEND = YES;
				ENABLE_TESTABILITY = YES;
				ENABLE_USER_SCRIPT_SANDBOXING = NO;
				GCC_C_LANGUAGE_STANDARD = gnu17;
				GCC_DYNAMIC_NO_PIC = NO;
				GCC_NO_COMMON_BLOCKS = YES;
				GCC_OPTIMIZATION_LEVEL = 0;
				GCC_PREPROCESSOR_DEFINITIONS = (
					"DEBUG=1",
					"$(inherited)",
				);
				GCC_WARN_64_TO_32_BIT_CONVERSION = YES;
				GCC_WARN_ABOUT_RETURN_TYPE = YES_ERROR;
				GCC_WARN_UNDECLARED_SELECTOR = YES;
				GCC_WARN_UNINITIALIZED_AUTOS = YES_AGGRESSIVE;
				GCC_WARN_UNUSED_FUNCTION = YES;
				GCC_WARN_UNUSED_VARIABLE = YES;
				IPHONEOS_DEPLOYMENT_TARGET = 26.2;
				LOCALIZATION_PREFERS_STRING_CATALOGS = YES;
				MTL_ENABLE_DEBUG_INFO = INCLUDE_SOURCE;
				MTL_FAST_MATH = YES;
				ONLY_ACTIVE_ARCH = YES;
				SDKROOT = iphoneos;
				SWIFT_ACTIVE_COMPILATION_CONDITIONS = "DEBUG $(inherited)";
				SWIFT_OPTIMIZATION_LEVEL = "-Onone";
			};
			name = Debug;
		};
		1A94773E2F7F041D001D82F5 /* Release */ = {
			isa = XCBuildConfiguration;
			buildSettings = {
				ALWAYS_SEARCH_USER_PATHS = NO;
				ASSETCATALOG_COMPILER_GENERATE_SWIFT_ASSET_SYMBOL_EXTENSIONS = YES;
				CLANG_ANALYZER_NONNULL = YES;
				CLANG_ANALYZER_NUMBER_OBJECT_CONVERSION = YES_AGGRESSIVE;
				CLANG_CXX_LANGUAGE_STANDARD = "gnu++20";
				CLANG_ENABLE_MODULES = YES;
				CLANG_ENABLE_OBJC_ARC = YES;
				CLANG_ENABLE_OBJC_WEAK = YES;
				CLANG_WARN_BLOCK_CAPTURE_AUTORELEASING = YES;
				CLANG_WARN_BOOL_CONVERSION = YES;
				CLANG_WARN_COMMA = YES;
				CLANG_WARN_CONSTANT_CONVERSION = YES;
				CLANG_WARN_DEPRECATED_OBJC_IMPLEMENTATIONS = YES;
				CLANG_WARN_DIRECT_OBJC_ISA_USAGE = YES_ERROR;
				CLANG_WARN_DOCUMENTATION_COMMENTS = YES;
				CLANG_WARN_EMPTY_BODY = YES;
				CLANG_WARN_ENUM_CONVERSION = YES;
				CLANG_WARN_INFINITE_RECURSION = YES;
				CLANG_WARN_INT_CONVERSION = YES;
				CLANG_WARN_NON_LITERAL_NULL_CONVERSION = YES;
				CLANG_WARN_OBJC_IMPLICIT_RETAIN_SELF = YES;
				CLANG_WARN_OBJC_LITERAL_CONVERSION = YES;
				CLANG_WARN_OBJC_ROOT_CLASS = YES_ERROR;
				CLANG_WARN_QUOTED_INCLUDE_IN_FRAMEWORK_HEADER = YES;
				CLANG_WARN_RANGE_LOOP_ANALYSIS = YES;
				CLANG_WARN_STRICT_PROTOTYPES = YES;
				CLANG_WARN_SUSPICIOUS_MOVE = YES;
				CLANG_WARN_UNGUARDED_AVAILABILITY = YES_AGGRESSIVE;
				CLANG_WARN_UNREACHABLE_CODE = YES;
				CLANG_WARN__DUPLICATE_METHOD_MATCH = YES;
				COPY_PHASE_STRIP = NO;
				DEBUG_INFORMATION_FORMAT = "dwarf-with-dsym";
				DEVELOPMENT_TEAM = 7A89C8T284;
				ENABLE_NS_ASSERTIONS = NO;
				ENABLE_STRICT_OBJC_MSGSEND = YES;
				ENABLE_USER_SCRIPT_SANDBOXING = NO;
				GCC_C_LANGUAGE_STANDARD = gnu17;
				GCC_NO_COMMON_BLOCKS = YES;
				GCC_WARN_64_TO_32_BIT_CONVERSION = YES;
				GCC_WARN_ABOUT_RETURN_TYPE = YES_ERROR;
				GCC_WARN_UNDECLARED_SELECTOR = YES;
				GCC_WARN_UNINITIALIZED_AUTOS = YES_AGGRESSIVE;
				GCC_WARN_UNUSED_FUNCTION = YES;
				GCC_WARN_UNUSED_VARIABLE = YES;
				IPHONEOS_DEPLOYMENT_TARGET = 26.2;
				LOCALIZATION_PREFERS_STRING_CATALOGS = YES;
				MTL_ENABLE_DEBUG_INFO = NO;
				MTL_FAST_MATH = YES;
				SDKROOT = iphoneos;
				SWIFT_COMPILATION_MODE = wholemodule;
				VALIDATE_PRODUCT = YES;
			};
			name = Release;
		};
		1A9477402F7F041D001D82F5 /* Debug */ = {
			isa = XCBuildConfiguration;
			baseConfigurationReference = D3584ECF55590B7C027A9842 /* Pods-rn-chat-view.debug.xcconfig */;
			buildSettings = {
				ASSETCATALOG_COMPILER_APPICON_NAME = AppIcon;
				ASSETCATALOG_COMPILER_GLOBAL_ACCENT_COLOR_NAME = AccentColor;
				CODE_SIGN_STYLE = Automatic;
				CURRENT_PROJECT_VERSION = 1;
				DEVELOPMENT_TEAM = YG3ZZ893P8;
				ENABLE_PREVIEWS = YES;
				GENERATE_INFOPLIST_FILE = YES;
				INFOPLIST_KEY_NSMicrophoneUsageDescription = "This app needs access to the microphone for voice messages.";
				INFOPLIST_KEY_UIApplicationSceneManifest_Generation = YES;
				INFOPLIST_KEY_UIApplicationSupportsIndirectInputEvents = YES;
				INFOPLIST_KEY_UILaunchScreen_Generation = YES;
				INFOPLIST_KEY_UISupportedInterfaceOrientations_iPad = "UIInterfaceOrientationPortrait UIInterfaceOrientationPortraitUpsideDown UIInterfaceOrientationLandscapeLeft UIInterfaceOrientationLandscapeRight";
				INFOPLIST_KEY_UISupportedInterfaceOrientations_iPhone = "UIInterfaceOrientationPortrait UIInterfaceOrientationLandscapeLeft UIInterfaceOrientationLandscapeRight";
				LD_RUNPATH_SEARCH_PATHS = (
					"$(inherited)",
					"@executable_path/Frameworks",
				);
				MARKETING_VERSION = 1.0;
				PRODUCT_BUNDLE_IDENTIFIER = "com.rn-chat-view";
				PRODUCT_NAME = "$(TARGET_NAME)";
				STRING_CATALOG_GENERATE_SYMBOLS = YES;
				SWIFT_APPROACHABLE_CONCURRENCY = YES;
				SWIFT_DEFAULT_ACTOR_ISOLATION = MainActor;
				SWIFT_EMIT_LOC_STRINGS = YES;
				SWIFT_UPCOMING_FEATURE_MEMBER_IMPORT_VISIBILITY = YES;
				SWIFT_VERSION = 5.0;
				TARGETED_DEVICE_FAMILY = "1,2";
			};
			name = Debug;
		};
		1A9477412F7F041D001D82F5 /* Release */ = {
			isa = XCBuildConfiguration;
			baseConfigurationReference = DECBEC6C39920C6BEA089AC4 /* Pods-rn-chat-view.release.xcconfig */;
			buildSettings = {
				ASSETCATALOG_COMPILER_APPICON_NAME = AppIcon;
				ASSETCATALOG_COMPILER_GLOBAL_ACCENT_COLOR_NAME = AccentColor;
				CODE_SIGN_STYLE = Automatic;
				CURRENT_PROJECT_VERSION = 1;
				DEVELOPMENT_TEAM = YG3ZZ893P8;
				ENABLE_PREVIEWS = YES;
				GENERATE_INFOPLIST_FILE = YES;
				INFOPLIST_KEY_NSMicrophoneUsageDescription = "This app needs access to the microphone for voice messages.";
				INFOPLIST_KEY_UIApplicationSceneManifest_Generation = YES;
				INFOPLIST_KEY_UIApplicationSupportsIndirectInputEvents = YES;
				INFOPLIST_KEY_UILaunchScreen_Generation = YES;
				INFOPLIST_KEY_UISupportedInterfaceOrientations_iPad = "UIInterfaceOrientationPortrait UIInterfaceOrientationPortraitUpsideDown UIInterfaceOrientationLandscapeLeft UIInterfaceOrientationLandscapeRight";
				INFOPLIST_KEY_UISupportedInterfaceOrientations_iPhone = "UIInterfaceOrientationPortrait UIInterfaceOrientationLandscapeLeft UIInterfaceOrientationLandscapeRight";
				LD_RUNPATH_SEARCH_PATHS = (
					"$(inherited)",
					"@executable_path/Frameworks",
				);
				MARKETING_VERSION = 1.0;
				PRODUCT_BUNDLE_IDENTIFIER = "com.rn-chat-view";
				PRODUCT_NAME = "$(TARGET_NAME)";
				STRING_CATALOG_GENERATE_SYMBOLS = YES;
				SWIFT_APPROACHABLE_CONCURRENCY = YES;
				SWIFT_DEFAULT_ACTOR_ISOLATION = MainActor;
				SWIFT_EMIT_LOC_STRINGS = YES;
				SWIFT_UPCOMING_FEATURE_MEMBER_IMPORT_VISIBILITY = YES;
				SWIFT_VERSION = 5.0;
				TARGETED_DEVICE_FAMILY = "1,2";
			};
			name = Release;
		};
		1ACDE6902F8EACFC00AB14C5 /* Debug */ = {
			isa = XCBuildConfiguration;
			baseConfigurationReference = 9BD3EE2273C858282D69C49B /* Pods-rn-chat-view-tests.debug.xcconfig */;
			buildSettings = {
				BUNDLE_LOADER = "$(TEST_HOST)";
				CODE_SIGN_STYLE = Automatic;
				CURRENT_PROJECT_VERSION = 1;
				DEVELOPMENT_TEAM = 7A89C8T284;
				ENABLE_USER_SCRIPT_SANDBOXING = YES;
				GENERATE_INFOPLIST_FILE = YES;
				MARKETING_VERSION = 1.0;
				PRODUCT_BUNDLE_IDENTIFIER = "com.rn-chat-view.rn-chat-view-tests";
				PRODUCT_NAME = "$(TARGET_NAME)";
				STRING_CATALOG_GENERATE_SYMBOLS = NO;
				SWIFT_APPROACHABLE_CONCURRENCY = YES;
				SWIFT_EMIT_LOC_STRINGS = NO;
				SWIFT_UPCOMING_FEATURE_MEMBER_IMPORT_VISIBILITY = YES;
				SWIFT_VERSION = 5.0;
				TARGETED_DEVICE_FAMILY = "1,2";
				TEST_HOST = "$(BUILT_PRODUCTS_DIR)/rn-chat-view.app/$(BUNDLE_EXECUTABLE_FOLDER_PATH)/rn-chat-view";
			};
			name = Debug;
		};
		1ACDE6912F8EACFC00AB14C5 /* Release */ = {
			isa = XCBuildConfiguration;
			baseConfigurationReference = EC5462498878B4117C9DC377 /* Pods-rn-chat-view-tests.release.xcconfig */;
			buildSettings = {
				BUNDLE_LOADER = "$(TEST_HOST)";
				CODE_SIGN_STYLE = Automatic;
				CURRENT_PROJECT_VERSION = 1;
				DEVELOPMENT_TEAM = 7A89C8T284;
				ENABLE_USER_SCRIPT_SANDBOXING = YES;
				GENERATE_INFOPLIST_FILE = YES;
				MARKETING_VERSION = 1.0;
				PRODUCT_BUNDLE_IDENTIFIER = "com.rn-chat-view.rn-chat-view-tests";
				PRODUCT_NAME = "$(TARGET_NAME)";
				STRING_CATALOG_GENERATE_SYMBOLS = NO;
				SWIFT_APPROACHABLE_CONCURRENCY = YES;
				SWIFT_EMIT_LOC_STRINGS = NO;
				SWIFT_UPCOMING_FEATURE_MEMBER_IMPORT_VISIBILITY = YES;
				SWIFT_VERSION = 5.0;
				TARGETED_DEVICE_FAMILY = "1,2";
				TEST_HOST = "$(BUILT_PRODUCTS_DIR)/rn-chat-view.app/$(BUNDLE_EXECUTABLE_FOLDER_PATH)/rn-chat-view";
			};
			name = Release;
		};
/* End XCBuildConfiguration section */

/* Begin XCConfigurationList section */
		1A94772F2F7F041B001D82F5 /* Build configuration list for PBXProject "rn-chat-view" */ = {
			isa = XCConfigurationList;
			buildConfigurations = (
				1A94773D2F7F041D001D82F5 /* Debug */,
				1A94773E2F7F041D001D82F5 /* Release */,
			);
			defaultConfigurationIsVisible = 0;
			defaultConfigurationName = Release;
		};
		1A94773F2F7F041D001D82F5 /* Build configuration list for PBXNativeTarget "rn-chat-view" */ = {
			isa = XCConfigurationList;
			buildConfigurations = (
				1A9477402F7F041D001D82F5 /* Debug */,
				1A9477412F7F041D001D82F5 /* Release */,
			);
			defaultConfigurationIsVisible = 0;
			defaultConfigurationName = Release;
		};
		1ACDE68F2F8EACFC00AB14C5 /* Build configuration list for PBXNativeTarget "rn-chat-view-tests" */ = {
			isa = XCConfigurationList;
			buildConfigurations = (
				1ACDE6902F8EACFC00AB14C5 /* Debug */,
				1ACDE6912F8EACFC00AB14C5 /* Release */,
			);
			defaultConfigurationIsVisible = 0;
			defaultConfigurationName = Release;
		};
/* End XCConfigurationList section */
	};
	rootObject = 1A94772C2F7F041B001D82F5 /* Project object */;
}
